// !$*UTF8*$!
{
	archiveVersion = 1;
	classes = {
	};
	objectVersion = 46;
	objects = {

/* Begin PBXBuildFile section */
		1944F9DE1E6F9FB2000F5776 /* AppDelegate.swift in Sources */ = {isa = PBXBuildFile; fileRef = 1944F9DD1E6F9FB2000F5776 /* AppDelegate.swift */; };
		1944F9E01E6F9FB2000F5776 /* Login_RegistrationViewController.swift in Sources */ = {isa = PBXBuildFile; fileRef = 1944F9DF1E6F9FB2000F5776 /* Login_RegistrationViewController.swift */; };
		1944F9E31E6F9FB2000F5776 /* Main.storyboard in Resources */ = {isa = PBXBuildFile; fileRef = 1944F9E11E6F9FB2000F5776 /* Main.storyboard */; };
		1944F9E51E6F9FB2000F5776 /* Assets.xcassets in Resources */ = {isa = PBXBuildFile; fileRef = 1944F9E41E6F9FB2000F5776 /* Assets.xcassets */; };
		1944F9E81E6F9FB2000F5776 /* LaunchScreen.storyboard in Resources */ = {isa = PBXBuildFile; fileRef = 1944F9E61E6F9FB2000F5776 /* LaunchScreen.storyboard */; };
		1944F9F01E6FA132000F5776 /* GoogleService-Info.plist in Resources */ = {isa = PBXBuildFile; fileRef = 1944F9EF1E6FA132000F5776 /* GoogleService-Info.plist */; };
		1944F9F21E708038000F5776 /* WelcomeViewController.swift in Sources */ = {isa = PBXBuildFile; fileRef = 1944F9F11E708038000F5776 /* WelcomeViewController.swift */; };
		19E56C751E720F2C00315F47 /* MenuViewController.swift in Sources */ = {isa = PBXBuildFile; fileRef = 19E56C741E720F2C00315F47 /* MenuViewController.swift */; };
		19E56C771E72EBD900315F47 /* SettingsViewController.swift in Sources */ = {isa = PBXBuildFile; fileRef = 19E56C761E72EBD900315F47 /* SettingsViewController.swift */; };
		19E56C991E7E186F00315F47 /* MyStudentVC.swift in Sources */ = {isa = PBXBuildFile; fileRef = 19E56C981E7E186E00315F47 /* MyStudentVC.swift */; };
		19E56C9B1E7E2E1700315F47 /* StudentCell.swift in Sources */ = {isa = PBXBuildFile; fileRef = 19E56C9A1E7E2E1700315F47 /* StudentCell.swift */; };
		19E56C9D1E7E67DC00315F47 /* NewStudentVC.swift in Sources */ = {isa = PBXBuildFile; fileRef = 19E56C9C1E7E67DC00315F47 /* NewStudentVC.swift */; };
		19E56C9F1E8224C700315F47 /* StudentInfoVC.swift in Sources */ = {isa = PBXBuildFile; fileRef = 19E56C9E1E8224C300315F47 /* StudentInfoVC.swift */; };
		19E56CA11E8234C300315F47 /* PassLog.swift in Sources */ = {isa = PBXBuildFile; fileRef = 19E56CA01E8234C300315F47 /* PassLog.swift */; };
		DAE22188DB2289866FCEAF26 /* Pods_HallPass_v2.framework in Frameworks */ = {isa = PBXBuildFile; fileRef = 395FEC4D40058F835833FBDD /* Pods_HallPass_v2.framework */; };
/* End PBXBuildFile section */

/* Begin PBXFileReference section */
		1944F9DA1E6F9FB2000F5776 /* HallPass-v2.app */ = {isa = PBXFileReference; explicitFileType = wrapper.application; includeInIndex = 0; path = "HallPass-v2.app"; sourceTree = BUILT_PRODUCTS_DIR; };
		1944F9DD1E6F9FB2000F5776 /* AppDelegate.swift */ = {isa = PBXFileReference; lastKnownFileType = sourcecode.swift; path = AppDelegate.swift; sourceTree = "<group>"; };
		1944F9DF1E6F9FB2000F5776 /* Login_RegistrationViewController.swift */ = {isa = PBXFileReference; lastKnownFileType = sourcecode.swift; path = Login_RegistrationViewController.swift; sourceTree = "<group>"; };
		1944F9E21E6F9FB2000F5776 /* Base */ = {isa = PBXFileReference; lastKnownFileType = file.storyboard; name = Base; path = Base.lproj/Main.storyboard; sourceTree = "<group>"; };
		1944F9E41E6F9FB2000F5776 /* Assets.xcassets */ = {isa = PBXFileReference; lastKnownFileType = folder.assetcatalog; path = Assets.xcassets; sourceTree = "<group>"; };
		1944F9E71E6F9FB2000F5776 /* Base */ = {isa = PBXFileReference; lastKnownFileType = file.storyboard; name = Base; path = Base.lproj/LaunchScreen.storyboard; sourceTree = "<group>"; };
		1944F9E91E6F9FB3000F5776 /* Info.plist */ = {isa = PBXFileReference; lastKnownFileType = text.plist.xml; path = Info.plist; sourceTree = "<group>"; };
		1944F9EF1E6FA132000F5776 /* GoogleService-Info.plist */ = {isa = PBXFileReference; fileEncoding = 4; lastKnownFileType = text.plist.xml; path = "GoogleService-Info.plist"; sourceTree = "<group>"; };
		1944F9F11E708038000F5776 /* WelcomeViewController.swift */ = {isa = PBXFileReference; fileEncoding = 4; lastKnownFileType = sourcecode.swift; path = WelcomeViewController.swift; sourceTree = "<group>"; };
		19E56C741E720F2C00315F47 /* MenuViewController.swift */ = {isa = PBXFileReference; fileEncoding = 4; lastKnownFileType = sourcecode.swift; path = MenuViewController.swift; sourceTree = "<group>"; };
		19E56C761E72EBD900315F47 /* SettingsViewController.swift */ = {isa = PBXFileReference; fileEncoding = 4; lastKnownFileType = sourcecode.swift; path = SettingsViewController.swift; sourceTree = "<group>"; };
		19E56C981E7E186E00315F47 /* MyStudentVC.swift */ = {isa = PBXFileReference; fileEncoding = 4; lastKnownFileType = sourcecode.swift; path = MyStudentVC.swift; sourceTree = "<group>"; };
		19E56C9A1E7E2E1700315F47 /* StudentCell.swift */ = {isa = PBXFileReference; fileEncoding = 4; lastKnownFileType = sourcecode.swift; path = StudentCell.swift; sourceTree = "<group>"; };
		19E56C9C1E7E67DC00315F47 /* NewStudentVC.swift */ = {isa = PBXFileReference; fileEncoding = 4; lastKnownFileType = sourcecode.swift; path = NewStudentVC.swift; sourceTree = "<group>"; };
		19E56C9E1E8224C300315F47 /* StudentInfoVC.swift */ = {isa = PBXFileReference; fileEncoding = 4; lastKnownFileType = sourcecode.swift; path = StudentInfoVC.swift; sourceTree = "<group>"; };
		19E56CA01E8234C300315F47 /* PassLog.swift */ = {isa = PBXFileReference; fileEncoding = 4; lastKnownFileType = sourcecode.swift; path = PassLog.swift; sourceTree = "<group>"; };
		395FEC4D40058F835833FBDD /* Pods_HallPass_v2.framework */ = {isa = PBXFileReference; explicitFileType = wrapper.framework; includeInIndex = 0; path = Pods_HallPass_v2.framework; sourceTree = BUILT_PRODUCTS_DIR; };
		4D7A63A976C5E4CADD8F264E /* Pods-HallPass-v2.release.xcconfig */ = {isa = PBXFileReference; includeInIndex = 1; lastKnownFileType = text.xcconfig; name = "Pods-HallPass-v2.release.xcconfig"; path = "Pods/Target Support Files/Pods-HallPass-v2/Pods-HallPass-v2.release.xcconfig"; sourceTree = "<group>"; };
		B11212B7DFAD341F78E0403D /* Pods-HallPass-v2.debug.xcconfig */ = {isa = PBXFileReference; includeInIndex = 1; lastKnownFileType = text.xcconfig; name = "Pods-HallPass-v2.debug.xcconfig"; path = "Pods/Target Support Files/Pods-HallPass-v2/Pods-HallPass-v2.debug.xcconfig"; sourceTree = "<group>"; };
/* End PBXFileReference section */

/* Begin PBXFrameworksBuildPhase section */
		1944F9D71E6F9FB2000F5776 /* Frameworks */ = {
			isa = PBXFrameworksBuildPhase;
			buildActionMask = 2147483647;
			files = (
				DAE22188DB2289866FCEAF26 /* Pods_HallPass_v2.framework in Frameworks */,
			);
			runOnlyForDeploymentPostprocessing = 0;
		};
/* End PBXFrameworksBuildPhase section */

/* Begin PBXGroup section */
		1944F9D11E6F9FB2000F5776 = {
			isa = PBXGroup;
			children = (
				1944F9DC1E6F9FB2000F5776 /* HallPass-v2 */,
				1944F9DB1E6F9FB2000F5776 /* Products */,
				882439B040DFB4A93795E9D1 /* Pods */,
				FB1BCC0F780DD0737C2A4B08 /* Frameworks */,
			);
			sourceTree = "<group>";
		};
		1944F9DB1E6F9FB2000F5776 /* Products */ = {
			isa = PBXGroup;
			children = (
				1944F9DA1E6F9FB2000F5776 /* HallPass-v2.app */,
			);
			name = Products;
			sourceTree = "<group>";
		};
		1944F9DC1E6F9FB2000F5776 /* HallPass-v2 */ = {
			isa = PBXGroup;
			children = (
				1944F9DD1E6F9FB2000F5776 /* AppDelegate.swift */,
				1944F9F11E708038000F5776 /* WelcomeViewController.swift */,
				1944F9DF1E6F9FB2000F5776 /* Login_RegistrationViewController.swift */,
				19E56C741E720F2C00315F47 /* MenuViewController.swift */,
				19E56C761E72EBD900315F47 /* SettingsViewController.swift */,
				19E56C981E7E186E00315F47 /* MyStudentVC.swift */,
				19E56C9A1E7E2E1700315F47 /* StudentCell.swift */,
				19E56C9C1E7E67DC00315F47 /* NewStudentVC.swift */,
				19E56C9E1E8224C300315F47 /* StudentInfoVC.swift */,
				19E56CA01E8234C300315F47 /* PassLog.swift */,
				1944F9E11E6F9FB2000F5776 /* Main.storyboard */,
				1944F9E41E6F9FB2000F5776 /* Assets.xcassets */,
				1944F9E61E6F9FB2000F5776 /* LaunchScreen.storyboard */,
				1944F9E91E6F9FB3000F5776 /* Info.plist */,
				1944F9EF1E6FA132000F5776 /* GoogleService-Info.plist */,
			);
			path = "HallPass-v2";
			sourceTree = "<group>";
		};
		882439B040DFB4A93795E9D1 /* Pods */ = {
			isa = PBXGroup;
			children = (
				B11212B7DFAD341F78E0403D /* Pods-HallPass-v2.debug.xcconfig */,
				4D7A63A976C5E4CADD8F264E /* Pods-HallPass-v2.release.xcconfig */,
			);
			name = Pods;
			sourceTree = "<group>";
		};
		FB1BCC0F780DD0737C2A4B08 /* Frameworks */ = {
			isa = PBXGroup;
			children = (
				395FEC4D40058F835833FBDD /* Pods_HallPass_v2.framework */,
			);
			name = Frameworks;
			sourceTree = "<group>";
		};
/* End PBXGroup section */

/* Begin PBXNativeTarget section */
		1944F9D91E6F9FB2000F5776 /* HallPass-v2 */ = {
			isa = PBXNativeTarget;
			buildConfigurationList = 1944F9EC1E6F9FB3000F5776 /* Build configuration list for PBXNativeTarget "HallPass-v2" */;
			buildPhases = (
				0AAB9450B4E026FDAEF97183 /* [CP] Check Pods Manifest.lock */,
				1944F9D61E6F9FB2000F5776 /* Sources */,
				1944F9D71E6F9FB2000F5776 /* Frameworks */,
				1944F9D81E6F9FB2000F5776 /* Resources */,
				E343BFBFA0DA3DD79D386A6F /* [CP] Embed Pods Frameworks */,
				FA4C9C2E956E2228A7330AA8 /* [CP] Copy Pods Resources */,
			);
			buildRules = (
			);
			dependencies = (
			);
			name = "HallPass-v2";
			productName = "HallPass-v2";
			productReference = 1944F9DA1E6F9FB2000F5776 /* HallPass-v2.app */;
			productType = "com.apple.product-type.application";
		};
/* End PBXNativeTarget section */

/* Begin PBXProject section */
		1944F9D21E6F9FB2000F5776 /* Project object */ = {
			isa = PBXProject;
			attributes = {
				LastSwiftUpdateCheck = 0820;
				LastUpgradeCheck = 0820;
				ORGANIZATIONNAME = "Mitchell Gant";
				TargetAttributes = {
					1944F9D91E6F9FB2000F5776 = {
						CreatedOnToolsVersion = 8.2.1;
						ProvisioningStyle = Automatic;
					};
				};
			};
			buildConfigurationList = 1944F9D51E6F9FB2000F5776 /* Build configuration list for PBXProject "HallPass-v2" */;
			compatibilityVersion = "Xcode 3.2";
			developmentRegion = English;
			hasScannedForEncodings = 0;
			knownRegions = (
				en,
				Base,
			);
			mainGroup = 1944F9D11E6F9FB2000F5776;
			productRefGroup = 1944F9DB1E6F9FB2000F5776 /* Products */;
			projectDirPath = "";
			projectRoot = "";
			targets = (
				1944F9D91E6F9FB2000F5776 /* HallPass-v2 */,
			);
		};
/* End PBXProject section */

/* Begin PBXResourcesBuildPhase section */
		1944F9D81E6F9FB2000F5776 /* Resources */ = {
			isa = PBXResourcesBuildPhase;
			buildActionMask = 2147483647;
			files = (
				1944F9E81E6F9FB2000F5776 /* LaunchScreen.storyboard in Resources */,
				1944F9F01E6FA132000F5776 /* GoogleService-Info.plist in Resources */,
				1944F9E51E6F9FB2000F5776 /* Assets.xcassets in Resources */,
				1944F9E31E6F9FB2000F5776 /* Main.storyboard in Resources */,
			);
			runOnlyForDeploymentPostprocessing = 0;
		};
/* End PBXResourcesBuildPhase section */

/* Begin PBXShellScriptBuildPhase section */
		0AAB9450B4E026FDAEF97183 /* [CP] Check Pods Manifest.lock */ = {
			isa = PBXShellScriptBuildPhase;
			buildActionMask = 2147483647;
			files = (
			);
			inputPaths = (
			);
			name = "[CP] Check Pods Manifest.lock";
			outputPaths = (
			);
			runOnlyForDeploymentPostprocessing = 0;
			shellPath = /bin/sh;
			shellScript = "diff \"${PODS_ROOT}/../Podfile.lock\" \"${PODS_ROOT}/Manifest.lock\" > /dev/null\nif [ $? != 0 ] ; then\n    # print error to STDERR\n    echo \"error: The sandbox is not in sync with the Podfile.lock. Run 'pod install' or update your CocoaPods installation.\" >&2\n    exit 1\nfi\n";
			showEnvVarsInLog = 0;
		};
		E343BFBFA0DA3DD79D386A6F /* [CP] Embed Pods Frameworks */ = {
			isa = PBXShellScriptBuildPhase;
			buildActionMask = 2147483647;
			files = (
			);
			inputPaths = (
			);
			name = "[CP] Embed Pods Frameworks";
			outputPaths = (
			);
			runOnlyForDeploymentPostprocessing = 0;
			shellPath = /bin/sh;
			shellScript = "\"${SRCROOT}/Pods/Target Support Files/Pods-HallPass-v2/Pods-HallPass-v2-frameworks.sh\"\n";
			showEnvVarsInLog = 0;
		};
		FA4C9C2E956E2228A7330AA8 /* [CP] Copy Pods Resources */ = {
			isa = PBXShellScriptBuildPhase;
			buildActionMask = 2147483647;
			files = (
			);
			inputPaths = (
			);
			name = "[CP] Copy Pods Resources";
			outputPaths = (
			);
			runOnlyForDeploymentPostprocessing = 0;
			shellPath = /bin/sh;
			shellScript = "\"${SRCROOT}/Pods/Target Support Files/Pods-HallPass-v2/Pods-HallPass-v2-resources.sh\"\n";
			showEnvVarsInLog = 0;
		};
/* End PBXShellScriptBuildPhase section */

/* Begin PBXSourcesBuildPhase section */
		1944F9D61E6F9FB2000F5776 /* Sources */ = {
			isa = PBXSourcesBuildPhase;
			buildActionMask = 2147483647;
			files = (
				19E56C991E7E186F00315F47 /* MyStudentVC.swift in Sources */,
				1944F9F21E708038000F5776 /* WelcomeViewController.swift in Sources */,
				1944F9E01E6F9FB2000F5776 /* Login_RegistrationViewController.swift in Sources */,
				19E56CA11E8234C300315F47 /* PassLog.swift in Sources */,
				1944F9DE1E6F9FB2000F5776 /* AppDelegate.swift in Sources */,
				19E56C771E72EBD900315F47 /* SettingsViewController.swift in Sources */,
				19E56C751E720F2C00315F47 /* MenuViewController.swift in Sources */,
				19E56C9F1E8224C700315F47 /* StudentInfoVC.swift in Sources */,
				19E56C9B1E7E2E1700315F47 /* StudentCell.swift in Sources */,
				19E56C9D1E7E67DC00315F47 /* NewStudentVC.swift in Sources */,
			);
			runOnlyForDeploymentPostprocessing = 0;
		};
/* End PBXSourcesBuildPhase section */

/* Begin PBXVariantGroup section */
		1944F9E11E6F9FB2000F5776 /* Main.storyboard */ = {
			isa = PBXVariantGroup;
			children = (
				1944F9E21E6F9FB2000F5776 /* Base */,
			);
			name = Main.storyboard;
			sourceTree = "<group>";
		};
		1944F9E61E6F9FB2000F5776 /* LaunchScreen.storyboard */ = {
			isa = PBXVariantGroup;
			children = (
				1944F9E71E6F9FB2000F5776 /* Base */,
			);
			name = LaunchScreen.storyboard;
			sourceTree = "<group>";
		};
/* End PBXVariantGroup section */

/* Begin XCBuildConfiguration section */
		1944F9EA1E6F9FB3000F5776 /* Debug */ = {
			isa = XCBuildConfiguration;
			buildSettings = {
				ALWAYS_SEARCH_USER_PATHS = NO;
				CLANG_ANALYZER_NONNULL = YES;
				CLANG_CXX_LANGUAGE_STANDARD = "gnu++0x";
				CLANG_CXX_LIBRARY = "libc++";
				CLANG_ENABLE_MODULES = YES;
				CLANG_ENABLE_OBJC_ARC = YES;
				CLANG_WARN_BOOL_CONVERSION = YES;
				CLANG_WARN_CONSTANT_CONVERSION = YES;
				CLANG_WARN_DIRECT_OBJC_ISA_USAGE = YES_ERROR;
				CLANG_WARN_DOCUMENTATION_COMMENTS = YES;
				CLANG_WARN_EMPTY_BODY = YES;
				CLANG_WARN_ENUM_CONVERSION = YES;
				CLANG_WARN_INFINITE_RECURSION = YES;
				CLANG_WARN_INT_CONVERSION = YES;
				CLANG_WARN_OBJC_ROOT_CLASS = YES_ERROR;
				CLANG_WARN_SUSPICIOUS_MOVE = YES;
				CLANG_WARN_UNREACHABLE_CODE = YES;
				CLANG_WARN__DUPLICATE_METHOD_MATCH = YES;
				"CODE_SIGN_IDENTITY[sdk=iphoneos*]" = "iPhone Developer";
				COPY_PHASE_STRIP = NO;
				DEBUG_INFORMATION_FORMAT = dwarf;
				ENABLE_STRICT_OBJC_MSGSEND = YES;
				ENABLE_TESTABILITY = YES;
				GCC_C_LANGUAGE_STANDARD = gnu99;
				GCC_DYNAMIC_NO_PIC = NO;
				GCC_NO_COMMON_BLOCKS = YES;
				GCC_OPTIMIZATION_LEVEL = 0;
				GCC_PREPROCESSOR_DEFINITIONS = (
					"DEBUG=1",
					"$(inherited)",
				);
				GCC_WARN_64_TO_32_BIT_CONVERSION = YES;
				GCC_WARN_ABOUT_RETURN_TYPE = YES_ERROR;
				GCC_WARN_UNDECLARED_SELECTOR = YES;
				GCC_WARN_UNINITIALIZED_AUTOS = YES_AGGRESSIVE;
				GCC_WARN_UNUSED_FUNCTION = YES;
				GCC_WARN_UNUSED_VARIABLE = YES;
				IPHONEOS_DEPLOYMENT_TARGET = 10.2;
				MTL_ENABLE_DEBUG_INFO = YES;
				ONLY_ACTIVE_ARCH = YES;
				SDKROOT = iphoneos;
				SWIFT_ACTIVE_COMPILATION_CONDITIONS = DEBUG;
				SWIFT_OPTIMIZATION_LEVEL = "-Onone";
				TARGETED_DEVICE_FAMILY = "1,2";
			};
			name = Debug;
		};
		1944F9EB1E6F9FB3000F5776 /* Release */ = {
			isa = XCBuildConfiguration;
			buildSettings = {
				ALWAYS_SEARCH_USER_PATHS = NO;
				CLANG_ANALYZER_NONNULL = YES;
				CLANG_CXX_LANGUAGE_STANDARD = "gnu++0x";
				CLANG_CXX_LIBRARY = "libc++";
				CLANG_ENABLE_MODULES = YES;
				CLANG_ENABLE_OBJC_ARC = YES;
				CLANG_WARN_BOOL_CONVERSION = YES;
				CLANG_WARN_CONSTANT_CONVERSION = YES;
				CLANG_WARN_DIRECT_OBJC_ISA_USAGE = YES_ERROR;
				CLANG_WARN_DOCUMENTATION_COMMENTS = YES;
				CLANG_WARN_EMPTY_BODY = YES;
				CLANG_WARN_ENUM_CONVERSION = YES;
				CLANG_WARN_INFINITE_RECURSION = YES;
				CLANG_WARN_INT_CONVERSION = YES;
				CLANG_WARN_OBJC_ROOT_CLASS = YES_ERROR;
				CLANG_WARN_SUSPICIOUS_MOVE = YES;
				CLANG_WARN_UNREACHABLE_CODE = YES;
				CLANG_WARN__DUPLICATE_METHOD_MATCH = YES;
				"CODE_SIGN_IDENTITY[sdk=iphoneos*]" = "iPhone Developer";
				COPY_PHASE_STRIP = NO;
				DEBUG_INFORMATION_FORMAT = "dwarf-with-dsym";
				ENABLE_NS_ASSERTIONS = NO;
				ENABLE_STRICT_OBJC_MSGSEND = YES;
				GCC_C_LANGUAGE_STANDARD = gnu99;
				GCC_NO_COMMON_BLOCKS = YES;
				GCC_WARN_64_TO_32_BIT_CONVERSION = YES;
				GCC_WARN_ABOUT_RETURN_TYPE = YES_ERROR;
				GCC_WARN_UNDECLARED_SELECTOR = YES;
				GCC_WARN_UNINITIALIZED_AUTOS = YES_AGGRESSIVE;
				GCC_WARN_UNUSED_FUNCTION = YES;
				GCC_WARN_UNUSED_VARIABLE = YES;
				IPHONEOS_DEPLOYMENT_TARGET = 10.2;
				MTL_ENABLE_DEBUG_INFO = NO;
				SDKROOT = iphoneos;
				SWIFT_OPTIMIZATION_LEVEL = "-Owholemodule";
				TARGETED_DEVICE_FAMILY = "1,2";
				VALIDATE_PRODUCT = YES;
			};
			name = Release;
		};
		1944F9ED1E6F9FB3000F5776 /* Debug */ = {
			isa = XCBuildConfiguration;
			baseConfigurationReference = B11212B7DFAD341F78E0403D /* Pods-HallPass-v2.debug.xcconfig */;
			buildSettings = {
				ASSETCATALOG_COMPILER_APPICON_NAME = AppIcon;
				INFOPLIST_FILE = "HallPass-v2/Info.plist";
				LD_RUNPATH_SEARCH_PATHS = "$(inherited) @executable_path/Frameworks";
				PRODUCT_BUNDLE_IDENTIFIER = "com.MitchellGant.HallPass-v2";
				PRODUCT_NAME = "$(TARGET_NAME)";
				SWIFT_VERSION = 3.0;
			};
			name = Debug;
		};
		1944F9EE1E6F9FB3000F5776 /* Release */ = {
			isa = XCBuildConfiguration;
			baseConfigurationReference = 4D7A63A976C5E4CADD8F264E /* Pods-HallPass-v2.release.xcconfig */;
			buildSettings = {
				ASSETCATALOG_COMPILER_APPICON_NAME = AppIcon;
				INFOPLIST_FILE = "HallPass-v2/Info.plist";
				LD_RUNPATH_SEARCH_PATHS = "$(inherited) @executable_path/Frameworks";
				PRODUCT_BUNDLE_IDENTIFIER = "com.MitchellGant.HallPass-v2";
				PRODUCT_NAME = "$(TARGET_NAME)";
				SWIFT_VERSION = 3.0;
			};
			name = Release;
		};
/* End XCBuildConfiguration section */

/* Begin XCConfigurationList section */
		1944F9D51E6F9FB2000F5776 /* Build configuration list for PBXProject "HallPass-v2" */ = {
			isa = XCConfigurationList;
			buildConfigurations = (
				1944F9EA1E6F9FB3000F5776 /* Debug */,
				1944F9EB1E6F9FB3000F5776 /* Release */,
			);
			defaultConfigurationIsVisible = 0;
			defaultConfigurationName = Release;
		};
		1944F9EC1E6F9FB3000F5776 /* Build configuration list for PBXNativeTarget "HallPass-v2" */ = {
			isa = XCConfigurationList;
			buildConfigurations = (
				1944F9ED1E6F9FB3000F5776 /* Debug */,
				1944F9EE1E6F9FB3000F5776 /* Release */,
			);
			defaultConfigurationIsVisible = 0;
			defaultConfigurationName = Release;
		};
/* End XCConfigurationList section */
	};
	rootObject = 1944F9D21E6F9FB2000F5776 /* Project object */;
}
